
Microsoft Visual Studio Solution File, Format Version 12.00
# Visual Studio 15
Project("{FAE04EC0-301F-11D3-BF4B-00C04F79EFBC}") = "Assembly-CSharp", "Assembly-CSharp.csproj", "{D5FE7104-1F1B-FAFF-CEA0-A3A2BF47BBAA}"
EndProject
Global
	GlobalSection(SolutionConfigurationPlatforms) = preSolution
		Debug|Any CPU = Debug|Any CPU
		Release|Any CPU = Release|Any CPU
	EndGlobalSection
	GlobalSection(ProjectConfigurationPlatforms) = postSolution
		{D5FE7104-1F1B-FAFF-CEA0-A3A2BF47BBAA}.Debug|Any CPU.ActiveCfg = Debug|Any CPU
		{D5FE7104-1F1B-FAFF-CEA0-A3A2BF47BBAA}.Debug|Any CPU.Build.0 = Debug|Any CPU
		{D5FE7104-1F1B-FAFF-CEA0-A3A2BF47BBAA}.Release|Any CPU.ActiveCfg = Release|Any CPU
		{D5FE7104-1F1B-FAFF-CEA0-A3A2BF47BBAA}.Release|Any CPU.Build.0 = Release|Any CPU
	EndGlobalSection
	GlobalSection(SolutionProperties) = preSolution
		HideSolutionNode = FALSE
	EndGlobalSection
EndGlobal
